{
  "originHash" : "1a70f4a08908a6d3ddcf04dbbb5b808ee32c2bd851c00b2851317c582bbe14c0",
  "pins" : [
    {
      "identity" : "causality",
      "kind" : "remoteSourceControl",
      "location" : "https://github.com/dannys42/Causality.git",
      "state" : {
        "revision" : "4122e2059ffb26f051869c5d3c0d4c2dfd9096a5",
        "version" : "0.0.6"
      }
    }
  ],
  "version" : 3
}
